
Microsoft Visual Studio Solution File, Format Version 12.00
# Visual Studio 15
VisualStudioVersion = 15.0.27703.2042
MinimumVisualStudioVersion = 10.0.40219.1
Project("{FAE04EC0-301F-11D3-BF4B-00C04F79EFBC}") = "Mmu.Mlh.NetFrameworkExtensions", "Sources\Application\Mmu.Mlh.NetFrameworkExtensions.csproj", "{0FFDE218-0560-4EC4-A8E6-650FB246623E}"
EndProject
Project("{FAE04EC0-301F-11D3-BF4B-00C04F79EFBC}") = "Mmu.Mlh.NetFrameworkExtensions.TestConsole", "Sources\Application.TestConsole\Mmu.Mlh.NetFrameworkExtensions.TestConsole.csproj", "{C6D015CE-E34B-4135-ABA3-AD3AF3891AFA}"
EndProject
Project("{2150E333-8FDC-42A3-9474-1A3956D46DE8}") = "Documents", "Documents", "{FC1AA7B8-A89E-4AA3-A30E-28D93E54AE4D}"
	ProjectSection(SolutionItems) = preProject
		Documents\PInvoke.md = Documents\PInvoke.md
	EndProjectSection
EndProject
Project("{FAE04EC0-301F-11D3-BF4B-00C04F79EFBC}") = "Mmu.Mlh.NetframeworkExtensions.UnitTests", "Sources\UnitTests\Mmu.mMlf.NetframeworkExtensions.UnitTests\Mmu.Mlh.NetframeworkExtensions.UnitTests.csproj", "{864B6746-2CBD-463F-A389-F33FD11DD29C}"
EndProject
Global
	GlobalSection(SolutionConfigurationPlatforms) = preSolution
		Debug|Any CPU = Debug|Any CPU
		Release|Any CPU = Release|Any CPU
	EndGlobalSection
	GlobalSection(ProjectConfigurationPlatforms) = postSolution
		{0FFDE218-0560-4EC4-A8E6-650FB246623E}.Debug|Any CPU.ActiveCfg = Debug|Any CPU
		{0FFDE218-0560-4EC4-A8E6-650FB246623E}.Debug|Any CPU.Build.0 = Debug|Any CPU
		{0FFDE218-0560-4EC4-A8E6-650FB246623E}.Release|Any CPU.ActiveCfg = Release|Any CPU
		{0FFDE218-0560-4EC4-A8E6-650FB246623E}.Release|Any CPU.Build.0 = Release|Any CPU
		{C6D015CE-E34B-4135-ABA3-AD3AF3891AFA}.Debug|Any CPU.ActiveCfg = Debug|Any CPU
		{C6D015CE-E34B-4135-ABA3-AD3AF3891AFA}.Debug|Any CPU.Build.0 = Debug|Any CPU
		{C6D015CE-E34B-4135-ABA3-AD3AF3891AFA}.Release|Any CPU.ActiveCfg = Release|Any CPU
		{C6D015CE-E34B-4135-ABA3-AD3AF3891AFA}.Release|Any CPU.Build.0 = Release|Any CPU
		{864B6746-2CBD-463F-A389-F33FD11DD29C}.Debug|Any CPU.ActiveCfg = Debug|Any CPU
		{864B6746-2CBD-463F-A389-F33FD11DD29C}.Debug|Any CPU.Build.0 = Debug|Any CPU
		{864B6746-2CBD-463F-A389-F33FD11DD29C}.Release|Any CPU.ActiveCfg = Release|Any CPU
		{864B6746-2CBD-463F-A389-F33FD11DD29C}.Release|Any CPU.Build.0 = Release|Any CPU
	EndGlobalSection
	GlobalSection(SolutionProperties) = preSolution
		HideSolutionNode = FALSE
	EndGlobalSection
	GlobalSection(ExtensibilityGlobals) = postSolution
		SolutionGuid = {7E95CE34-D36C-4629-84A9-7627343E2205}
	EndGlobalSection
EndGlobal
